{
  "name": "www",
  "version": "1.0.0",
  "lockfileVersion": 3,
  "requires": true,
  "packages": {
    "": {
      "name": "www",
      "version": "1.0.0",
      "license": "ISC",
      "dependencies": {
        "@cronapp/framework-core": "4.2.16",
        "cronapi-js": "4.2.16",
        "cronapp-common-js": "4.2.16",
        "cronapp-framework-mobile-js": "4.2.16",
        "cronapp-lib-js": "4.2.16"
      }
    },
    "node_modules/@cronapp/cronapp-mobile-mvc": {
      "version": "4.2.16",
      "resolved": "https://registry.npmjs.org/@cronapp/cronapp-mobile-mvc/-/cronapp-mobile-mvc-4.2.16.tgz",
      "integrity": "sha512-dR88S//Hv37yvVyq7on8TW9kPVU0/Pd66LH7FPhN5wq/sWbR/9yVZwkO1cH2FZAKKmhgeWhj7YQKspqn1gX80w==",
      "license": "ISC"
    },
    "node_modules/@cronapp/cronapp-tab-badge": {
      "version": "4.2.16",
      "resolved": "https://registry.npmjs.org/@cronapp/cronapp-tab-badge/-/cronapp-tab-badge-4.2.16.tgz",
      "integrity": "sha512-FJCYCgvqvtPC0A1Yj6LK1OrpuguNejMLyhTF9fkL3YQpFV0G+cQK4fXht6QR54+BTWUkXXTccTZxyvsbUUNxUg==",
      "license": "ISC",
      "dependencies": {
        "lodash": "4.17.15"
      }
    },
    "node_modules/@cronapp/framework-core": {
      "version": "4.2.16",
      "resolved": "https://registry.npmjs.org/@cronapp/framework-core/-/framework-core-4.2.16.tgz",
      "integrity": "sha512-hhr1oX7006bGeR2RJjh08gyrkYDi7M9i7iKJ9f5vnMwi4N9XTNwNoxFs94rGpt9ndmsMT/IDT5kTrHKjyHjbwQ==",
      "dependencies": {
        "flat": "6.0.1",
        "reflect-metadata": "0.2.2",
        "tsyringe": "4.8.0"
      }
    },
    "node_modules/@zxing/library": {
      "version": "0.18.5",
      "resolved": "https://registry.npmjs.org/@zxing/library/-/library-0.18.5.tgz",
      "integrity": "sha512-ipJeSBUQXgrJbgRotmDiSr+1/EeEJFPHbODrewGdz1sDbhWS+iWuHMrboqy/J+zbzYj3h5W7RGUsbkGY+34DKw==",
      "license": "MIT",
      "dependencies": {
        "ts-custom-error": "^3.0.0"
      },
      "engines": {
        "node": ">= 10.4.0"
      },
      "optionalDependencies": {
        "@zxing/text-encoding": "~0.9.0"
      }
    },
    "node_modules/@zxing/text-encoding": {
      "version": "0.9.0",
      "resolved": "https://registry.npmjs.org/@zxing/text-encoding/-/text-encoding-0.9.0.tgz",
      "integrity": "sha512-U/4aVJ2mxI0aDNI8Uq0wEhMgY+u4CNtEb0om3+y3+niDAsoTCOB33UF0sxpzqzdqXLqmvc+vZyAt4O8pPdfkwA==",
      "license": "(Unlicense OR Apache-2.0)",
      "optional": true
    },
    "node_modules/buffer-from": {
      "version": "1.1.2",
      "resolved": "https://registry.npmjs.org/buffer-from/-/buffer-from-1.1.2.tgz",
      "integrity": "sha512-E+XQCRwSbaaiChtv6k6Dwgc+bx+Bs6vuKJHHl5kox/BaKbhiXzqQOwK4cO22yElGp2OCmjwVhT3HmxgyPGnJfQ==",
      "license": "MIT"
    },
    "node_modules/commander": {
      "version": "2.20.3",
      "resolved": "https://registry.npmjs.org/commander/-/commander-2.20.3.tgz",
      "integrity": "sha512-GpVkmM8vF2vQUkj2LvZmD35JxeJOLCwJ9cUkugyk2nuhbv3+mJvpLYYt+0+USMxE+oj+ey/lJEnhZw75x/OMcQ==",
      "license": "MIT"
    },
    "node_modules/cronapi-js": {
      "version": "4.2.16",
      "resolved": "https://registry.npmjs.org/cronapi-js/-/cronapi-js-4.2.16.tgz",
      "integrity": "sha512-8tU3KrTdfjfT4GG8O4ylRZfkWENiaFBVUQdLfyP0EMYIBgoY3ECZ+xDTxDipzDFtJHA2mWYenkhoMb1bPvkSgg==",
      "license": "MIT",
      "dependencies": {
        "@zxing/library": "0.18.5",
        "natives": "1.1.6"
      }
    },
    "node_modules/cronapp-common-js": {
      "version": "4.2.16",
      "resolved": "https://registry.npmjs.org/cronapp-common-js/-/cronapp-common-js-4.2.16.tgz",
      "integrity": "sha512-zqdZ8LF51Zo3Uz+kIbYzzuPx0bUVzWj6Ocu44CzOWARAJKH5/2onOQMZPLMiwHFF7zbNEp8DsGfVFzaq/2y6pg==",
      "license": "MIT"
    },
    "node_modules/cronapp-framework-mobile-js": {
      "version": "4.2.16",
      "resolved": "https://registry.npmjs.org/cronapp-framework-mobile-js/-/cronapp-framework-mobile-js-4.2.16.tgz",
      "integrity": "sha512-z3TV0EPCAlH4KbmUAvCIDggN/xJ6qrnBNpFuxEK/7rbgIlTNA959145sLiU10j8XrI9TORAzGylN1hlNOoJBLg==",
      "hasInstallScript": true,
      "license": "MIT",
      "dependencies": {
        "@cronapp/cronapp-mobile-mvc": "4.2.16",
        "@cronapp/cronapp-tab-badge": "4.2.16",
        "font-awesome": "4.4.0",
        "jquery": "3.5.0",
        "pace-js": "1.0.2",
        "signature_pad": "^3.0.0-beta.4"
      }
    },
    "node_modules/cronapp-lib-js": {
      "version": "4.2.16",
      "resolved": "https://registry.npmjs.org/cronapp-lib-js/-/cronapp-lib-js-4.2.16.tgz",
      "integrity": "sha512-mCm8VyVqnraKRB2HXZGIxlF0wTPpwLxOgqhMb4rH7EGn0528krqdj+FA7Pu0E2PTGwi90Yo3KfOFTanCsXFtkA==",
      "license": "ISC",
      "dependencies": {
        "terser": "^4.8.0"
      }
    },
    "node_modules/flat": {
      "version": "6.0.1",
      "resolved": "https://registry.npmjs.org/flat/-/flat-6.0.1.tgz",
      "integrity": "sha512-/3FfIa8mbrg3xE7+wAhWeV+bd7L2Mof+xtZb5dRDKZ+wDvYJK4WDYeIOuOhre5Yv5aQObZrlbRmk3RTSiuQBtw==",
      "license": "BSD-3-Clause",
      "bin": {
        "flat": "cli.js"
      },
      "engines": {
        "node": ">=18"
      }
    },
    "node_modules/font-awesome": {
      "version": "4.4.0",
      "resolved": "https://registry.npmjs.org/font-awesome/-/font-awesome-4.4.0.tgz",
      "integrity": "sha512-h45v/TF2b9d6JiBnyluFrjZRyJXXkRjWbTKxb0ygTScxdP8gWdgMBaghbDuSLQFHNkj3M0eNrLxfTEiQo93ARQ==",
      "license": "OFL-1.1 AND MIT",
      "engines": {
        "node": ">=0.10.3"
      }
    },
    "node_modules/jquery": {
      "version": "3.5.0",
      "resolved": "https://registry.npmjs.org/jquery/-/jquery-3.5.0.tgz",
      "integrity": "sha512-Xb7SVYMvygPxbFMpTFQiHh1J7HClEaThguL15N/Gg37Lri/qKyhRGZYzHRyLH8Stq3Aow0LsHO2O2ci86fCrNQ==",
      "license": "MIT"
    },
    "node_modules/lodash": {
      "version": "4.17.15",
      "resolved": "https://registry.npmjs.org/lodash/-/lodash-4.17.15.tgz",
      "integrity": "sha512-8xOcRHvCjnocdS5cpwXQXVzmmh5e5+saE2QGoeQmbKmRS6J3VQppPOIt0MnmE+4xlZoumy0GPG0D0MVIQbNA1A==",
      "license": "MIT"
    },
    "node_modules/natives": {
      "version": "1.1.6",
      "resolved": "https://registry.npmjs.org/natives/-/natives-1.1.6.tgz",
      "integrity": "sha512-6+TDFewD4yxY14ptjKaS63GVdtKiES1pTPyxn9Jb0rBqPMZ7VcCiooEhPNsr+mqHtMGxa/5c/HhcC4uPEUw/nA==",
      "deprecated": "This module relies on Node.js's internals and will break at some point. Do not use it, and update to graceful-fs@4.x.",
      "license": "ISC"
    },
    "node_modules/pace-js": {
      "version": "1.0.2",
      "resolved": "https://registry.npmjs.org/pace-js/-/pace-js-1.0.2.tgz",
      "integrity": "sha512-5rIBZm4u7xQz2eYWwatBfUnurKxXRyO6meLvlxhQYyhJZoZDjvLt249nUikj9VMpmtMR0owHqade9RSSNRT/GQ==",
      "license": "MIT"
    },
    "node_modules/reflect-metadata": {
      "version": "0.2.2",
      "resolved": "https://registry.npmjs.org/reflect-metadata/-/reflect-metadata-0.2.2.tgz",
      "integrity": "sha512-urBwgfrvVP/eAyXx4hluJivBKzuEbSQs9rKWCrCkbSxNv8mxPcUZKeuoF3Uy4mJl3Lwprp6yy5/39VWigZ4K6Q==",
      "license": "Apache-2.0"
    },
    "node_modules/signature_pad": {
      "version": "3.0.0-beta.4",
      "resolved": "https://registry.npmjs.org/signature_pad/-/signature_pad-3.0.0-beta.4.tgz",
      "integrity": "sha512-cOf2NhVuTiuNqe2X/ycEmizvCDXk0DoemhsEpnkcGnA4kS5iJYTCqZ9As7tFBbsch45Q1EdX61833+6sjJ8rrw==",
      "license": "MIT"
    },
    "node_modules/source-map": {
      "version": "0.6.1",
      "resolved": "https://registry.npmjs.org/source-map/-/source-map-0.6.1.tgz",
      "integrity": "sha512-UjgapumWlbMhkBgzT7Ykc5YXUT46F0iKu8SGXq0bcwP5dz/h0Plj6enJqjz1Zbq2l5WaqYnrVbwWOWMyF3F47g==",
      "license": "BSD-3-Clause",
      "engines": {
        "node": ">=0.10.0"
      }
    },
    "node_modules/source-map-support": {
      "version": "0.5.21",
      "resolved": "https://registry.npmjs.org/source-map-support/-/source-map-support-0.5.21.tgz",
      "integrity": "sha512-uBHU3L3czsIyYXKX88fdrGovxdSCoTGDRZ6SYXtSRxLZUzHg5P/66Ht6uoUlHu9EZod+inXhKo3qQgwXUT/y1w==",
      "license": "MIT",
      "dependencies": {
        "buffer-from": "^1.0.0",
        "source-map": "^0.6.0"
      }
    },
    "node_modules/terser": {
      "version": "4.8.1",
      "resolved": "https://registry.npmjs.org/terser/-/terser-4.8.1.tgz",
      "integrity": "sha512-4GnLC0x667eJG0ewJTa6z/yXrbLGv80D9Ru6HIpCQmO+Q4PfEtBFi0ObSckqwL6VyQv/7ENJieXHo2ANmdQwgw==",
      "license": "BSD-2-Clause",
      "dependencies": {
        "commander": "^2.20.0",
        "source-map": "~0.6.1",
        "source-map-support": "~0.5.12"
      },
      "bin": {
        "terser": "bin/terser"
      },
      "engines": {
        "node": ">=6.0.0"
      }
    },
    "node_modules/ts-custom-error": {
      "version": "3.3.1",
      "resolved": "https://registry.npmjs.org/ts-custom-error/-/ts-custom-error-3.3.1.tgz",
      "integrity": "sha512-5OX1tzOjxWEgsr/YEUWSuPrQ00deKLh6D7OTWcvNHm12/7QPyRh8SYpyWvA4IZv8H/+GQWQEh/kwo95Q9OVW1A==",
      "license": "MIT",
      "engines": {
        "node": ">=14.0.0"
      }
    },
    "node_modules/tslib": {
      "version": "1.14.1",
      "resolved": "https://registry.npmjs.org/tslib/-/tslib-1.14.1.tgz",
      "integrity": "sha512-Xni35NKzjgMrwevysHTCArtLDpPvye8zV/0E4EyYn43P7/7qvQwPh9BGkHewbMulVntbigmcT7rdX3BNo9wRJg==",
      "license": "0BSD"
    },
    "node_modules/tsyringe": {
      "version": "4.8.0",
      "resolved": "https://registry.npmjs.org/tsyringe/-/tsyringe-4.8.0.tgz",
      "integrity": "sha512-YB1FG+axdxADa3ncEtRnQCFq/M0lALGLxSZeVNbTU8NqhOVc51nnv2CISTcvc1kyv6EGPtXVr0v6lWeDxiijOA==",
      "license": "MIT",
      "dependencies": {
        "tslib": "^1.9.3"
      },
      "engines": {
        "node": ">= 6.0.0"
      }
    }
  }
}
