{
  "name": "webapp",
  "version": "1.0.0",
  "lockfileVersion": 3,
  "requires": true,
  "packages": {
    "": {
      "name": "webapp",
      "version": "1.0.0",
      "license": "ISC",
      "dependencies": {
        "@cronapp/framework-core": "4.3.0-SNAPSHOT.20260209040243",
        "cronapi-js": "4.3.0-SNAPSHOT.20260209040243",
        "cronapp-common-js": "4.3.0-SNAPSHOT.20260209040243",
        "cronapp-framework-js": "4.3.0-SNAPSHOT.20260209040243",
        "cronapp-lib-js": "4.3.0-SNAPSHOT.20260209040243"
      }
    },
    "node_modules/@cronapp/cronapp-mvc": {
      "version": "4.3.0-SNAPSHOT.20260209040243",
      "resolved": "https://nexus.cronapp.io/repository/npm-group/@cronapp/cronapp-mvc/-/cronapp-mvc-4.3.0-SNAPSHOT.20260209040243.tgz",
      "integrity": "sha512-34+3cR9mH2Iz0GFdLAEE9r2W8uaYHuVtoGzkGv6xfdV/zEZXGD/0hW9bz9eERl20xDUCHqc/qhb443/yXX0qaw==",
      "license": "ISC"
    },
    "node_modules/@cronapp/framework-core": {
      "version": "4.3.0-SNAPSHOT.20260209040243",
      "resolved": "https://nexus.cronapp.io/repository/npm-group/@cronapp/framework-core/-/framework-core-4.3.0-SNAPSHOT.20260209040243.tgz",
      "integrity": "sha512-8EYnj+9jUh3pzQmb0C/3yw7oRCabqmfgiEoUnib4qc8uTdoJCbeWkaUoSSPJa+/pIJ7TCjhcGyB/DO3IX5dTJQ==",
      "dependencies": {
        "flat": "6.0.1",
        "reflect-metadata": "0.2.2",
        "tsyringe": "4.8.0"
      }
    },
    "node_modules/@zxing/library": {
      "version": "0.18.5",
      "resolved": "https://nexus.cronapp.io/repository/npm-group/@zxing/library/-/library-0.18.5.tgz",
      "integrity": "sha512-ipJeSBUQXgrJbgRotmDiSr+1/EeEJFPHbODrewGdz1sDbhWS+iWuHMrboqy/J+zbzYj3h5W7RGUsbkGY+34DKw==",
      "license": "MIT",
      "dependencies": {
        "ts-custom-error": "^3.0.0"
      },
      "engines": {
        "node": ">= 10.4.0"
      },
      "optionalDependencies": {
        "@zxing/text-encoding": "~0.9.0"
      }
    },
    "node_modules/@zxing/text-encoding": {
      "version": "0.9.0",
      "resolved": "https://nexus.cronapp.io/repository/npm-group/@zxing/text-encoding/-/text-encoding-0.9.0.tgz",
      "integrity": "sha512-U/4aVJ2mxI0aDNI8Uq0wEhMgY+u4CNtEb0om3+y3+niDAsoTCOB33UF0sxpzqzdqXLqmvc+vZyAt4O8pPdfkwA==",
      "license": "(Unlicense OR Apache-2.0)",
      "optional": true
    },
    "node_modules/buffer-from": {
      "version": "1.1.2",
      "resolved": "https://nexus.cronapp.io/repository/npm-group/buffer-from/-/buffer-from-1.1.2.tgz",
      "integrity": "sha512-E+XQCRwSbaaiChtv6k6Dwgc+bx+Bs6vuKJHHl5kox/BaKbhiXzqQOwK4cO22yElGp2OCmjwVhT3HmxgyPGnJfQ==",
      "license": "MIT"
    },
    "node_modules/commander": {
      "version": "2.20.3",
      "resolved": "https://nexus.cronapp.io/repository/npm-group/commander/-/commander-2.20.3.tgz",
      "integrity": "sha512-GpVkmM8vF2vQUkj2LvZmD35JxeJOLCwJ9cUkugyk2nuhbv3+mJvpLYYt+0+USMxE+oj+ey/lJEnhZw75x/OMcQ==",
      "license": "MIT"
    },
    "node_modules/cpf_cnpj": {
      "version": "0.2.0",
      "resolved": "https://nexus.cronapp.io/repository/npm-group/cpf_cnpj/-/cpf_cnpj-0.2.0.tgz",
      "integrity": "sha512-vwUmjbXDxW4iBDPVDB/4yJUMsJ6HfQDzveLjnpxrT82N/HXFbM0/tRHCVEsMB2+PwT61KIynDdPt+KS/v0H9Lg==",
      "deprecated": "Please use @fnando/cpf and @fnando/cnpj packages instead.",
      "license": "MIT"
    },
    "node_modules/cronapi-js": {
      "version": "4.3.0-SNAPSHOT.20260209040243",
      "resolved": "https://nexus.cronapp.io/repository/npm-group/cronapi-js/-/cronapi-js-4.3.0-SNAPSHOT.20260209040243.tgz",
      "integrity": "sha512-XxVvgginbnjweAL9V+9W6ciu+cqtTB7REUghDvSBFjVq4QqFPMEWtQ8RdhhdTeAAv618q0cUuKErqwrrIqlI6Q==",
      "license": "MIT",
      "dependencies": {
        "@zxing/library": "0.18.5",
        "natives": "1.1.6"
      }
    },
    "node_modules/cronapp-common-js": {
      "version": "4.3.0-SNAPSHOT.20260209040243",
      "resolved": "https://nexus.cronapp.io/repository/npm-group/cronapp-common-js/-/cronapp-common-js-4.3.0-SNAPSHOT.20260209040243.tgz",
      "integrity": "sha512-541DhmMrQZ7NsRy8mkh7VoaQhRfGTSlSo/BZFIq5PUDfwOUdEx9aIoHgywC9l3FRCLHF8S/OnNwm0/3K9eCVyg==",
      "license": "MIT"
    },
    "node_modules/cronapp-framework-js": {
      "version": "4.3.0-SNAPSHOT.20260209040243",
      "resolved": "https://nexus.cronapp.io/repository/npm-group/cronapp-framework-js/-/cronapp-framework-js-4.3.0-SNAPSHOT.20260209040243.tgz",
      "integrity": "sha512-1pFcIY6H21SPjE/be0UqSr5JEvlJH60stWRwiSIeVVMTzN8EMPs+agDMBjQF812THlC1MrvzV86TUc/KGFUdPA==",
      "hasInstallScript": true,
      "license": "MIT",
      "dependencies": {
        "@cronapp/cronapp-mvc": "4.3.0-SNAPSHOT.20260209040243",
        "cpf_cnpj": "0.2.0",
        "font-awesome": "4.4.0",
        "jquery": "3.5.1",
        "justgage": "1.3.5",
        "natives": "1.1.6",
        "pace-js": "1.0.2",
        "raphael": "2.3.0",
        "signature_pad": "^3.0.0-beta.4"
      }
    },
    "node_modules/cronapp-lib-js": {
      "version": "4.3.0-SNAPSHOT.20260209040243",
      "resolved": "https://nexus.cronapp.io/repository/npm-group/cronapp-lib-js/-/cronapp-lib-js-4.3.0-SNAPSHOT.20260209040243.tgz",
      "integrity": "sha512-nPKA6+CBO3d/vyW43TYNKC+CDr2hTDrG3ToNfYXG7ERPHanJdlVujzaAkLVGOfVPGbe8lCZQUo40pf8AjpSagw==",
      "license": "ISC",
      "dependencies": {
        "terser": "^4.8.0"
      }
    },
    "node_modules/eve-raphael": {
      "version": "0.5.0",
      "resolved": "https://nexus.cronapp.io/repository/npm-group/eve-raphael/-/eve-raphael-0.5.0.tgz",
      "integrity": "sha512-jrxnPsCGqng1UZuEp9DecX/AuSyAszATSjf4oEcRxvfxa1Oux4KkIPKBAAWWnpdwfARtr+Q0o9aPYWjsROD7ug=="
    },
    "node_modules/flat": {
      "version": "6.0.1",
      "resolved": "https://nexus.cronapp.io/repository/npm-group/flat/-/flat-6.0.1.tgz",
      "integrity": "sha512-/3FfIa8mbrg3xE7+wAhWeV+bd7L2Mof+xtZb5dRDKZ+wDvYJK4WDYeIOuOhre5Yv5aQObZrlbRmk3RTSiuQBtw==",
      "license": "BSD-3-Clause",
      "bin": {
        "flat": "cli.js"
      },
      "engines": {
        "node": ">=18"
      }
    },
    "node_modules/font-awesome": {
      "version": "4.4.0",
      "resolved": "https://nexus.cronapp.io/repository/npm-group/font-awesome/-/font-awesome-4.4.0.tgz",
      "integrity": "sha512-h45v/TF2b9d6JiBnyluFrjZRyJXXkRjWbTKxb0ygTScxdP8gWdgMBaghbDuSLQFHNkj3M0eNrLxfTEiQo93ARQ==",
      "license": "OFL-1.1 AND MIT",
      "engines": {
        "node": ">=0.10.3"
      }
    },
    "node_modules/jquery": {
      "version": "3.5.1",
      "resolved": "https://nexus.cronapp.io/repository/npm-group/jquery/-/jquery-3.5.1.tgz",
      "integrity": "sha512-XwIBPqcMn57FxfT+Go5pzySnm4KWkT1Tv7gjrpT1srtf8Weynl6R273VJ5GjkRb51IzMp5nbaPjJXMWeju2MKg==",
      "license": "MIT"
    },
    "node_modules/justgage": {
      "version": "1.3.5",
      "resolved": "https://nexus.cronapp.io/repository/npm-group/justgage/-/justgage-1.3.5.tgz",
      "integrity": "sha512-5P71LcTEqhg4Rh1rDKo9JgkE2cCZvHnKuagD80MXtEGvidLmRPm309YEwM2BHdEP4Q5DPwGUYjWQm4QY1QR4Yg==",
      "license": "MIT",
      "dependencies": {
        "raphael": "^2.2.8"
      }
    },
    "node_modules/natives": {
      "version": "1.1.6",
      "resolved": "https://nexus.cronapp.io/repository/npm-group/natives/-/natives-1.1.6.tgz",
      "integrity": "sha512-6+TDFewD4yxY14ptjKaS63GVdtKiES1pTPyxn9Jb0rBqPMZ7VcCiooEhPNsr+mqHtMGxa/5c/HhcC4uPEUw/nA==",
      "deprecated": "This module relies on Node.js's internals and will break at some point. Do not use it, and update to graceful-fs@4.x.",
      "license": "ISC"
    },
    "node_modules/pace-js": {
      "version": "1.0.2",
      "resolved": "https://nexus.cronapp.io/repository/npm-group/pace-js/-/pace-js-1.0.2.tgz",
      "integrity": "sha512-5rIBZm4u7xQz2eYWwatBfUnurKxXRyO6meLvlxhQYyhJZoZDjvLt249nUikj9VMpmtMR0owHqade9RSSNRT/GQ==",
      "license": "MIT"
    },
    "node_modules/raphael": {
      "version": "2.3.0",
      "resolved": "https://nexus.cronapp.io/repository/npm-group/raphael/-/raphael-2.3.0.tgz",
      "integrity": "sha512-w2yIenZAQnp257XUWGni4bLMVxpUpcIl7qgxEgDIXtmSypYtlNxfXWpOBxs7LBTps5sDwhRnrToJrMUrivqNTQ==",
      "license": "MIT",
      "dependencies": {
        "eve-raphael": "0.5.0"
      }
    },
    "node_modules/reflect-metadata": {
      "version": "0.2.2",
      "resolved": "https://nexus.cronapp.io/repository/npm-group/reflect-metadata/-/reflect-metadata-0.2.2.tgz",
      "integrity": "sha512-urBwgfrvVP/eAyXx4hluJivBKzuEbSQs9rKWCrCkbSxNv8mxPcUZKeuoF3Uy4mJl3Lwprp6yy5/39VWigZ4K6Q==",
      "license": "Apache-2.0"
    },
    "node_modules/signature_pad": {
      "version": "3.0.0-beta.4",
      "resolved": "https://nexus.cronapp.io/repository/npm-group/signature_pad/-/signature_pad-3.0.0-beta.4.tgz",
      "integrity": "sha512-cOf2NhVuTiuNqe2X/ycEmizvCDXk0DoemhsEpnkcGnA4kS5iJYTCqZ9As7tFBbsch45Q1EdX61833+6sjJ8rrw==",
      "license": "MIT"
    },
    "node_modules/source-map": {
      "version": "0.6.1",
      "resolved": "https://nexus.cronapp.io/repository/npm-group/source-map/-/source-map-0.6.1.tgz",
      "integrity": "sha512-UjgapumWlbMhkBgzT7Ykc5YXUT46F0iKu8SGXq0bcwP5dz/h0Plj6enJqjz1Zbq2l5WaqYnrVbwWOWMyF3F47g==",
      "license": "BSD-3-Clause",
      "engines": {
        "node": ">=0.10.0"
      }
    },
    "node_modules/source-map-support": {
      "version": "0.5.21",
      "resolved": "https://nexus.cronapp.io/repository/npm-group/source-map-support/-/source-map-support-0.5.21.tgz",
      "integrity": "sha512-uBHU3L3czsIyYXKX88fdrGovxdSCoTGDRZ6SYXtSRxLZUzHg5P/66Ht6uoUlHu9EZod+inXhKo3qQgwXUT/y1w==",
      "license": "MIT",
      "dependencies": {
        "buffer-from": "^1.0.0",
        "source-map": "^0.6.0"
      }
    },
    "node_modules/terser": {
      "version": "4.8.1",
      "resolved": "https://nexus.cronapp.io/repository/npm-group/terser/-/terser-4.8.1.tgz",
      "integrity": "sha512-4GnLC0x667eJG0ewJTa6z/yXrbLGv80D9Ru6HIpCQmO+Q4PfEtBFi0ObSckqwL6VyQv/7ENJieXHo2ANmdQwgw==",
      "license": "BSD-2-Clause",
      "dependencies": {
        "commander": "^2.20.0",
        "source-map": "~0.6.1",
        "source-map-support": "~0.5.12"
      },
      "bin": {
        "terser": "bin/terser"
      },
      "engines": {
        "node": ">=6.0.0"
      }
    },
    "node_modules/ts-custom-error": {
      "version": "3.3.1",
      "resolved": "https://nexus.cronapp.io/repository/npm-group/ts-custom-error/-/ts-custom-error-3.3.1.tgz",
      "integrity": "sha512-5OX1tzOjxWEgsr/YEUWSuPrQ00deKLh6D7OTWcvNHm12/7QPyRh8SYpyWvA4IZv8H/+GQWQEh/kwo95Q9OVW1A==",
      "license": "MIT",
      "engines": {
        "node": ">=14.0.0"
      }
    },
    "node_modules/tslib": {
      "version": "1.14.1",
      "resolved": "https://nexus.cronapp.io/repository/npm-group/tslib/-/tslib-1.14.1.tgz",
      "integrity": "sha512-Xni35NKzjgMrwevysHTCArtLDpPvye8zV/0E4EyYn43P7/7qvQwPh9BGkHewbMulVntbigmcT7rdX3BNo9wRJg==",
      "license": "0BSD"
    },
    "node_modules/tsyringe": {
      "version": "4.8.0",
      "resolved": "https://nexus.cronapp.io/repository/npm-group/tsyringe/-/tsyringe-4.8.0.tgz",
      "integrity": "sha512-YB1FG+axdxADa3ncEtRnQCFq/M0lALGLxSZeVNbTU8NqhOVc51nnv2CISTcvc1kyv6EGPtXVr0v6lWeDxiijOA==",
      "license": "MIT",
      "dependencies": {
        "tslib": "^1.9.3"
      },
      "engines": {
        "node": ">= 6.0.0"
      }
    }
  }
}
